// !$*UTF8*$!
{
	archiveVersion = 1;
	classes = {
	};
	objectVersion = 51;
	objects = {

/* Begin PBXBuildFile section */
		182F575426C8B563007DA6FE /* ChoiceQues.swift in Sources */ = {isa = PBXBuildFile; fileRef = 182F575326C8B563007DA6FE /* ChoiceQues.swift */; };
		1876031226C7EB08001D5841 /* Assets.xcassets in Resources */ = {isa = PBXBuildFile; fileRef = 1876031126C7EB08001D5841 /* Assets.xcassets */; };
		1876031526C7EB09001D5841 /* Preview Assets.xcassets in Resources */ = {isa = PBXBuildFile; fileRef = 1876031426C7EB09001D5841 /* Preview Assets.xcassets */; };
		1876032026C7EB0B001D5841 /* asdTests.swift in Sources */ = {isa = PBXBuildFile; fileRef = 1876031F26C7EB0B001D5841 /* asdTests.swift */; };
		1876032B26C7EB0B001D5841 /* asdUITests.swift in Sources */ = {isa = PBXBuildFile; fileRef = 1876032A26C7EB0B001D5841 /* asdUITests.swift */; };
		1876039A26C7F790001D5841 /* AppDelegate.swift in Sources */ = {isa = PBXBuildFile; fileRef = 1876039926C7F790001D5841 /* AppDelegate.swift */; };
		187603A226C7FA3E001D5841 /* Storyboard.storyboard in Resources */ = {isa = PBXBuildFile; fileRef = 187603A126C7FA3E001D5841 /* Storyboard.storyboard */; };
		187603A726C7FA80001D5841 /* LoginViewController.swift in Sources */ = {isa = PBXBuildFile; fileRef = 187603A626C7FA80001D5841 /* LoginViewController.swift */; };
		187603AF26C7FAA4001D5841 /* ResetPasswordViewController.swift in Sources */ = {isa = PBXBuildFile; fileRef = 187603AE26C7FAA4001D5841 /* ResetPasswordViewController.swift */; };
		187603B426C7FAB5001D5841 /* SignupViewController.swift in Sources */ = {isa = PBXBuildFile; fileRef = 187603B326C7FAB4001D5841 /* SignupViewController.swift */; };
		189C76A826C8E7DF0008380A /* LogoutViewController.swift in Sources */ = {isa = PBXBuildFile; fileRef = 189C76A726C8E7DF0008380A /* LogoutViewController.swift */; };
		189C76AE26C8E9F80008380A /* searchDoctorTableViewController.swift in Sources */ = {isa = PBXBuildFile; fileRef = 189C76AD26C8E9F80008380A /* searchDoctorTableViewController.swift */; };
		189C76B326C8EA160008380A /* searchHospitalTableViewController.swift in Sources */ = {isa = PBXBuildFile; fileRef = 189C76B226C8EA160008380A /* searchHospitalTableViewController.swift */; };
		189C76B526C8EA480008380A /* searchDivisionTableViewController.swift in Sources */ = {isa = PBXBuildFile; fileRef = 189C76B426C8EA480008380A /* searchDivisionTableViewController.swift */; };
		189C76BF26C8EDB60008380A /* searchSymptomTableViewController.swift in Sources */ = {isa = PBXBuildFile; fileRef = 189C76BE26C8EDB60008380A /* searchSymptomTableViewController.swift */; };
		189C76C426C8EDFA0008380A /* searchMapTableViewController.swift in Sources */ = {isa = PBXBuildFile; fileRef = 189C76C326C8EDFA0008380A /* searchMapTableViewController.swift */; };
		189C76D326C904990008380A /* searchTableViewCell.swift in Sources */ = {isa = PBXBuildFile; fileRef = 189C76D226C904990008380A /* searchTableViewCell.swift */; };
		189C771826CA277D0008380A /* GoogleService-Info.plist in Resources */ = {isa = PBXBuildFile; fileRef = 189C771726CA277D0008380A /* GoogleService-Info.plist */; };
		189C77FB26CB4F740008380A /* searchViewController.swift in Sources */ = {isa = PBXBuildFile; fileRef = 189C77FA26CB4F740008380A /* searchViewController.swift */; };
		18C0FFE826C8B0330015B530 /* GameViewController.swift in Sources */ = {isa = PBXBuildFile; fileRef = 18C0FFE726C8B0330015B530 /* GameViewController.swift */; };
		18C37D0126CBFE4600593DE8 /* commentViewController.swift in Sources */ = {isa = PBXBuildFile; fileRef = 18C37D0026CBFE4600593DE8 /* commentViewController.swift */; };
		18C37D5E26CCACFB00593DE8 /* symotom1TableViewController.swift in Sources */ = {isa = PBXBuildFile; fileRef = 18C37D5D26CCACFB00593DE8 /* symotom1TableViewController.swift */; };
		18C37D6326CCAEA600593DE8 /* symotom2TableViewController.swift in Sources */ = {isa = PBXBuildFile; fileRef = 18C37D6226CCAEA600593DE8 /* symotom2TableViewController.swift */; };
		18C37D6826CCAEC600593DE8 /* symotom3TableViewController.swift in Sources */ = {isa = PBXBuildFile; fileRef = 18C37D6726CCAEC600593DE8 /* symotom3TableViewController.swift */; };
		18C37D6A26CCAEE800593DE8 /* symotom4TableViewController.swift in Sources */ = {isa = PBXBuildFile; fileRef = 18C37D6926CCAEE800593DE8 /* symotom4TableViewController.swift */; };
		18C37D6C26CCAF1100593DE8 /* symotom5TableViewController.swift in Sources */ = {isa = PBXBuildFile; fileRef = 18C37D6B26CCAF1100593DE8 /* symotom5TableViewController.swift */; };
		18C37D6E26CCAF5200593DE8 /* symotom6TableViewController.swift in Sources */ = {isa = PBXBuildFile; fileRef = 18C37D6D26CCAF5200593DE8 /* symotom6TableViewController.swift */; };
		18C37D7026CCAF7A00593DE8 /* symotom7TableViewController.swift in Sources */ = {isa = PBXBuildFile; fileRef = 18C37D6F26CCAF7A00593DE8 /* symotom7TableViewController.swift */; };
		18C37D7226CCAF9F00593DE8 /* symotom8TableViewController.swift in Sources */ = {isa = PBXBuildFile; fileRef = 18C37D7126CCAF9F00593DE8 /* symotom8TableViewController.swift */; };
		18C37D7426CCAFBD00593DE8 /* symotom9TableViewController.swift in Sources */ = {isa = PBXBuildFile; fileRef = 18C37D7326CCAFBD00593DE8 /* symotom9TableViewController.swift */; };
		18C37D7926CCB00D00593DE8 /* symotom10TableViewController.swift in Sources */ = {isa = PBXBuildFile; fileRef = 18C37D7826CCB00D00593DE8 /* symotom10TableViewController.swift */; };
		18C37D7E26CCB06000593DE8 /* symotom11TableViewController.swift in Sources */ = {isa = PBXBuildFile; fileRef = 18C37D7D26CCB06000593DE8 /* symotom11TableViewController.swift */; };
		18C37D8326CCB11E00593DE8 /* symotom13TableViewController.swift in Sources */ = {isa = PBXBuildFile; fileRef = 18C37D8226CCB11E00593DE8 /* symotom13TableViewController.swift */; };
		18C37D8826CCB1A400593DE8 /* symptom12TableViewController.swift in Sources */ = {isa = PBXBuildFile; fileRef = 18C37D8726CCB1A400593DE8 /* symptom12TableViewController.swift */; };
		18C37D8A26CCB1C200593DE8 /* symptom14TableViewController.swift in Sources */ = {isa = PBXBuildFile; fileRef = 18C37D8926CCB1C200593DE8 /* symptom14TableViewController.swift */; };
		18C37D8C26CCB1D500593DE8 /* symptom15TableViewController.swift in Sources */ = {isa = PBXBuildFile; fileRef = 18C37D8B26CCB1D500593DE8 /* symptom15TableViewController.swift */; };
		18C37D8E26CCB1E600593DE8 /* symptom16TableViewController.swift in Sources */ = {isa = PBXBuildFile; fileRef = 18C37D8D26CCB1E600593DE8 /* symptom16TableViewController.swift */; };
		18C37D9026CCB1F100593DE8 /* symptom17TableViewController.swift in Sources */ = {isa = PBXBuildFile; fileRef = 18C37D8F26CCB1F100593DE8 /* symptom17TableViewController.swift */; };
		18C37D9226CCB20100593DE8 /* symptom18TableViewController.swift in Sources */ = {isa = PBXBuildFile; fileRef = 18C37D9126CCB20100593DE8 /* symptom18TableViewController.swift */; };
		18C37D9726CCB23A00593DE8 /* symptom19TableViewController.swift in Sources */ = {isa = PBXBuildFile; fileRef = 18C37D9626CCB23A00593DE8 /* symptom19TableViewController.swift */; };
		18C37D9C26CCB26600593DE8 /* symptom20TableViewController.swift in Sources */ = {isa = PBXBuildFile; fileRef = 18C37D9B26CCB26500593DE8 /* symptom20TableViewController.swift */; };
		18C37DA126CCB30000593DE8 /* symptom21TableViewController.swift in Sources */ = {isa = PBXBuildFile; fileRef = 18C37DA026CCB30000593DE8 /* symptom21TableViewController.swift */; };
		18C37DA626CCB30E00593DE8 /* symptom22TableViewController.swift in Sources */ = {isa = PBXBuildFile; fileRef = 18C37DA526CCB30E00593DE8 /* symptom22TableViewController.swift */; };
		18C37DA826CCB31800593DE8 /* symptom23TableViewController.swift in Sources */ = {isa = PBXBuildFile; fileRef = 18C37DA726CCB31800593DE8 /* symptom23TableViewController.swift */; };
		18C37DAA26CCB32300593DE8 /* symptom24TableViewController.swift in Sources */ = {isa = PBXBuildFile; fileRef = 18C37DA926CCB32300593DE8 /* symptom24TableViewController.swift */; };
		18C37DAC26CCB33100593DE8 /* symptom25TableViewController.swift in Sources */ = {isa = PBXBuildFile; fileRef = 18C37DAB26CCB33100593DE8 /* symptom25TableViewController.swift */; };
		18C37DAE26CCB33C00593DE8 /* symptom26TableViewController.swift in Sources */ = {isa = PBXBuildFile; fileRef = 18C37DAD26CCB33C00593DE8 /* symptom26TableViewController.swift */; };
		18C37DB026CCB34500593DE8 /* symptom27TableViewController.swift in Sources */ = {isa = PBXBuildFile; fileRef = 18C37DAF26CCB34500593DE8 /* symptom27TableViewController.swift */; };
		18C37DB226CCB34E00593DE8 /* symptom28TableViewController.swift in Sources */ = {isa = PBXBuildFile; fileRef = 18C37DB126CCB34E00593DE8 /* symptom28TableViewController.swift */; };
		18C37DB426CCB35800593DE8 /* symptom29TableViewController.swift in Sources */ = {isa = PBXBuildFile; fileRef = 18C37DB326CCB35800593DE8 /* symptom29TableViewController.swift */; };
		18C37DB626CCB36700593DE8 /* symptom30TableViewController.swift in Sources */ = {isa = PBXBuildFile; fileRef = 18C37DB526CCB36700593DE8 /* symptom30TableViewController.swift */; };
		18C37DB826CCB37900593DE8 /* symptom31TableViewController.swift in Sources */ = {isa = PBXBuildFile; fileRef = 18C37DB726CCB37900593DE8 /* symptom31TableViewController.swift */; };
		18C37DBA26CCB38300593DE8 /* symptom32TableViewController.swift in Sources */ = {isa = PBXBuildFile; fileRef = 18C37DB926CCB38300593DE8 /* symptom32TableViewController.swift */; };
		18C37DBF26CCB3A000593DE8 /* symptom33TableViewController.swift in Sources */ = {isa = PBXBuildFile; fileRef = 18C37DBE26CCB3A000593DE8 /* symptom33TableViewController.swift */; };
		18C37DC426CCB3B600593DE8 /* symptom34TableViewController.swift in Sources */ = {isa = PBXBuildFile; fileRef = 18C37DC326CCB3B600593DE8 /* symptom34TableViewController.swift */; };
		18C37DC926CCB3C200593DE8 /* symptom35TableViewController.swift in Sources */ = {isa = PBXBuildFile; fileRef = 18C37DC826CCB3C200593DE8 /* symptom35TableViewController.swift */; };
		18C37DCE26CCB3D000593DE8 /* symptom36TableViewController.swift in Sources */ = {isa = PBXBuildFile; fileRef = 18C37DCD26CCB3D000593DE8 /* symptom36TableViewController.swift */; };
		18C37DD326CCB3DD00593DE8 /* symptom37TableViewController.swift in Sources */ = {isa = PBXBuildFile; fileRef = 18C37DD226CCB3DD00593DE8 /* symptom37TableViewController.swift */; };
		18C37DD526CCB3E600593DE8 /* symptom38TableViewController.swift in Sources */ = {isa = PBXBuildFile; fileRef = 18C37DD426CCB3E600593DE8 /* symptom38TableViewController.swift */; };
		18C37DDA26CCB3F600593DE8 /* symptom39TableViewController.swift in Sources */ = {isa = PBXBuildFile; fileRef = 18C37DD926CCB3F600593DE8 /* symptom39TableViewController.swift */; };
		18C37DDF26CCB44300593DE8 /* symptom40TableViewController.swift in Sources */ = {isa = PBXBuildFile; fileRef = 18C37DDE26CCB44300593DE8 /* symptom40TableViewController.swift */; };
		18C37DE426CCB46E00593DE8 /* symptom41TableViewController.swift in Sources */ = {isa = PBXBuildFile; fileRef = 18C37DE326CCB46E00593DE8 /* symptom41TableViewController.swift */; };
		18C37DE926CCB4CF00593DE8 /* symptom42TableViewController.swift in Sources */ = {isa = PBXBuildFile; fileRef = 18C37DE826CCB4CF00593DE8 /* symptom42TableViewController.swift */; };
		18C37DEE26CCB4ED00593DE8 /* symptom43TableViewController.swift in Sources */ = {isa = PBXBuildFile; fileRef = 18C37DED26CCB4ED00593DE8 /* symptom43TableViewController.swift */; };
		86E0B0EA14E6636ED498DB7D /* Pods_asdTests.framework in Frameworks */ = {isa = PBXBuildFile; fileRef = 11476EA2F46C4AA150105474 /* Pods_asdTests.framework */; };
		FBA0B7D0189CF6DB321726DA /* Pods_asd_asdUITests.framework in Frameworks */ = {isa = PBXBuildFile; fileRef = E676EB6BB8CAD2519BEA0192 /* Pods_asd_asdUITests.framework */; };
		FE9E0752F9E0C901E05A699F /* Pods_asd.framework in Frameworks */ = {isa = PBXBuildFile; fileRef = 596857BC3B7A263B3A5B4B53 /* Pods_asd.framework */; };
/* End PBXBuildFile section */

/* Begin PBXContainerItemProxy section */
		1876031C26C7EB0B001D5841 /* PBXContainerItemProxy */ = {
			isa = PBXContainerItemProxy;
			containerPortal = 1876030226C7EAE0001D5841 /* Project object */;
			proxyType = 1;
			remoteGlobalIDString = 1876030926C7EAE0001D5841;
			remoteInfo = asd;
		};
		1876032726C7EB0B001D5841 /* PBXContainerItemProxy */ = {
			isa = PBXContainerItemProxy;
			containerPortal = 1876030226C7EAE0001D5841 /* Project object */;
			proxyType = 1;
			remoteGlobalIDString = 1876030926C7EAE0001D5841;
			remoteInfo = asd;
		};
/* End PBXContainerItemProxy section */

/* Begin PBXFileReference section */
		11476EA2F46C4AA150105474 /* Pods_asdTests.framework */ = {isa = PBXFileReference; explicitFileType = wrapper.framework; includeInIndex = 0; path = Pods_asdTests.framework; sourceTree = BUILT_PRODUCTS_DIR; };
		182F575326C8B563007DA6FE /* ChoiceQues.swift */ = {isa = PBXFileReference; lastKnownFileType = sourcecode.swift; path = ChoiceQues.swift; sourceTree = "<group>"; };
		1876030A26C7EAE0001D5841 /* asd.app */ = {isa = PBXFileReference; explicitFileType = wrapper.application; includeInIndex = 0; path = asd.app; sourceTree = BUILT_PRODUCTS_DIR; };
		1876031126C7EB08001D5841 /* Assets.xcassets */ = {isa = PBXFileReference; lastKnownFileType = folder.assetcatalog; path = Assets.xcassets; sourceTree = "<group>"; };
		1876031426C7EB09001D5841 /* Preview Assets.xcassets */ = {isa = PBXFileReference; lastKnownFileType = folder.assetcatalog; path = "Preview Assets.xcassets"; sourceTree = "<group>"; };
		1876031626C7EB09001D5841 /* Info.plist */ = {isa = PBXFileReference; lastKnownFileType = text.plist.xml; path = Info.plist; sourceTree = "<group>"; };
		1876031B26C7EB0B001D5841 /* asdTests.xctest */ = {isa = PBXFileReference; explicitFileType = wrapper.cfbundle; includeInIndex = 0; path = asdTests.xctest; sourceTree = BUILT_PRODUCTS_DIR; };
		1876031F26C7EB0B001D5841 /* asdTests.swift */ = {isa = PBXFileReference; lastKnownFileType = sourcecode.swift; path = asdTests.swift; sourceTree = "<group>"; };
		1876032126C7EB0B001D5841 /* Info.plist */ = {isa = PBXFileReference; lastKnownFileType = text.plist.xml; path = Info.plist; sourceTree = "<group>"; };
		1876032626C7EB0B001D5841 /* asdUITests.xctest */ = {isa = PBXFileReference; explicitFileType = wrapper.cfbundle; includeInIndex = 0; path = asdUITests.xctest; sourceTree = BUILT_PRODUCTS_DIR; };
		1876032A26C7EB0B001D5841 /* asdUITests.swift */ = {isa = PBXFileReference; lastKnownFileType = sourcecode.swift; path = asdUITests.swift; sourceTree = "<group>"; };
		1876032C26C7EB0B001D5841 /* Info.plist */ = {isa = PBXFileReference; lastKnownFileType = text.plist.xml; path = Info.plist; sourceTree = "<group>"; };
		1876039926C7F790001D5841 /* AppDelegate.swift */ = {isa = PBXFileReference; lastKnownFileType = sourcecode.swift; path = AppDelegate.swift; sourceTree = "<group>"; };
		187603A126C7FA3E001D5841 /* Storyboard.storyboard */ = {isa = PBXFileReference; lastKnownFileType = file.storyboard; path = Storyboard.storyboard; sourceTree = "<group>"; };
		187603A626C7FA80001D5841 /* LoginViewController.swift */ = {isa = PBXFileReference; lastKnownFileType = sourcecode.swift; path = LoginViewController.swift; sourceTree = "<group>"; };
		187603AE26C7FAA4001D5841 /* ResetPasswordViewController.swift */ = {isa = PBXFileReference; lastKnownFileType = sourcecode.swift; path = ResetPasswordViewController.swift; sourceTree = "<group>"; };
		187603B326C7FAB4001D5841 /* SignupViewController.swift */ = {isa = PBXFileReference; lastKnownFileType = sourcecode.swift; path = SignupViewController.swift; sourceTree = "<group>"; };
		189C76A726C8E7DF0008380A /* LogoutViewController.swift */ = {isa = PBXFileReference; lastKnownFileType = sourcecode.swift; path = LogoutViewController.swift; sourceTree = "<group>"; };
		189C76AD26C8E9F80008380A /* searchDoctorTableViewController.swift */ = {isa = PBXFileReference; lastKnownFileType = sourcecode.swift; path = searchDoctorTableViewController.swift; sourceTree = "<group>"; };
		189C76B226C8EA160008380A /* searchHospitalTableViewController.swift */ = {isa = PBXFileReference; lastKnownFileType = sourcecode.swift; path = searchHospitalTableViewController.swift; sourceTree = "<group>"; };
		189C76B426C8EA480008380A /* searchDivisionTableViewController.swift */ = {isa = PBXFileReference; lastKnownFileType = sourcecode.swift; path = searchDivisionTableViewController.swift; sourceTree = "<group>"; };
		189C76BE26C8EDB60008380A /* searchSymptomTableViewController.swift */ = {isa = PBXFileReference; lastKnownFileType = sourcecode.swift; path = searchSymptomTableViewController.swift; sourceTree = "<group>"; };
		189C76C326C8EDFA0008380A /* searchMapTableViewController.swift */ = {isa = PBXFileReference; lastKnownFileType = sourcecode.swift; path = searchMapTableViewController.swift; sourceTree = "<group>"; };
		189C76D226C904990008380A /* searchTableViewCell.swift */ = {isa = PBXFileReference; lastKnownFileType = sourcecode.swift; path = searchTableViewCell.swift; sourceTree = "<group>"; };
		189C771726CA277D0008380A /* GoogleService-Info.plist */ = {isa = PBXFileReference; fileEncoding = 4; lastKnownFileType = text.plist.xml; path = "GoogleService-Info.plist"; sourceTree = "<group>"; };
		189C77FA26CB4F740008380A /* searchViewController.swift */ = {isa = PBXFileReference; lastKnownFileType = sourcecode.swift; path = searchViewController.swift; sourceTree = "<group>"; };
		18C0FFE726C8B0330015B530 /* GameViewController.swift */ = {isa = PBXFileReference; lastKnownFileType = sourcecode.swift; path = GameViewController.swift; sourceTree = "<group>"; };
		18C37D0026CBFE4600593DE8 /* commentViewController.swift */ = {isa = PBXFileReference; lastKnownFileType = sourcecode.swift; path = commentViewController.swift; sourceTree = "<group>"; };
		18C37D5D26CCACFB00593DE8 /* symotom1TableViewController.swift */ = {isa = PBXFileReference; lastKnownFileType = sourcecode.swift; path = symotom1TableViewController.swift; sourceTree = "<group>"; };
		18C37D6226CCAEA600593DE8 /* symotom2TableViewController.swift */ = {isa = PBXFileReference; lastKnownFileType = sourcecode.swift; path = symotom2TableViewController.swift; sourceTree = "<group>"; };
		18C37D6726CCAEC600593DE8 /* symotom3TableViewController.swift */ = {isa = PBXFileReference; lastKnownFileType = sourcecode.swift; path = symotom3TableViewController.swift; sourceTree = "<group>"; };
		18C37D6926CCAEE800593DE8 /* symotom4TableViewController.swift */ = {isa = PBXFileReference; lastKnownFileType = sourcecode.swift; path = symotom4TableViewController.swift; sourceTree = "<group>"; };
		18C37D6B26CCAF1100593DE8 /* symotom5TableViewController.swift */ = {isa = PBXFileReference; lastKnownFileType = sourcecode.swift; path = symotom5TableViewController.swift; sourceTree = "<group>"; };
		18C37D6D26CCAF5200593DE8 /* symotom6TableViewController.swift */ = {isa = PBXFileReference; lastKnownFileType = sourcecode.swift; path = symotom6TableViewController.swift; sourceTree = "<group>"; };
		18C37D6F26CCAF7A00593DE8 /* symotom7TableViewController.swift */ = {isa = PBXFileReference; lastKnownFileType = sourcecode.swift; path = symotom7TableViewController.swift; sourceTree = "<group>"; };
		18C37D7126CCAF9F00593DE8 /* symotom8TableViewController.swift */ = {isa = PBXFileReference; lastKnownFileType = sourcecode.swift; path = symotom8TableViewController.swift; sourceTree = "<group>"; };
		18C37D7326CCAFBD00593DE8 /* symotom9TableViewController.swift */ = {isa = PBXFileReference; lastKnownFileType = sourcecode.swift; path = symotom9TableViewController.swift; sourceTree = "<group>"; };
		18C37D7826CCB00D00593DE8 /* symotom10TableViewController.swift */ = {isa = PBXFileReference; lastKnownFileType = sourcecode.swift; path = symotom10TableViewController.swift; sourceTree = "<group>"; };
		18C37D7D26CCB06000593DE8 /* symotom11TableViewController.swift */ = {isa = PBXFileReference; lastKnownFileType = sourcecode.swift; path = symotom11TableViewController.swift; sourceTree = "<group>"; };
		18C37D8226CCB11E00593DE8 /* symotom13TableViewController.swift */ = {isa = PBXFileReference; lastKnownFileType = sourcecode.swift; path = symotom13TableViewController.swift; sourceTree = "<group>"; };
		18C37D8726CCB1A400593DE8 /* symptom12TableViewController.swift */ = {isa = PBXFileReference; lastKnownFileType = sourcecode.swift; path = symptom12TableViewController.swift; sourceTree = "<group>"; };
		18C37D8926CCB1C200593DE8 /* symptom14TableViewController.swift */ = {isa = PBXFileReference; lastKnownFileType = sourcecode.swift; path = symptom14TableViewController.swift; sourceTree = "<group>"; };
		18C37D8B26CCB1D500593DE8 /* symptom15TableViewController.swift */ = {isa = PBXFileReference; lastKnownFileType = sourcecode.swift; path = symptom15TableViewController.swift; sourceTree = "<group>"; };
		18C37D8D26CCB1E600593DE8 /* symptom16TableViewController.swift */ = {isa = PBXFileReference; lastKnownFileType = sourcecode.swift; path = symptom16TableViewController.swift; sourceTree = "<group>"; };
		18C37D8F26CCB1F100593DE8 /* symptom17TableViewController.swift */ = {isa = PBXFileReference; lastKnownFileType = sourcecode.swift; path = symptom17TableViewController.swift; sourceTree = "<group>"; };
		18C37D9126CCB20100593DE8 /* symptom18TableViewController.swift */ = {isa = PBXFileReference; lastKnownFileType = sourcecode.swift; path = symptom18TableViewController.swift; sourceTree = "<group>"; };
		18C37D9626CCB23A00593DE8 /* symptom19TableViewController.swift */ = {isa = PBXFileReference; lastKnownFileType = sourcecode.swift; path = symptom19TableViewController.swift; sourceTree = "<group>"; };
		18C37D9B26CCB26500593DE8 /* symptom20TableViewController.swift */ = {isa = PBXFileReference; lastKnownFileType = sourcecode.swift; path = symptom20TableViewController.swift; sourceTree = "<group>"; };
		18C37DA026CCB30000593DE8 /* symptom21TableViewController.swift */ = {isa = PBXFileReference; lastKnownFileType = sourcecode.swift; path = symptom21TableViewController.swift; sourceTree = "<group>"; };
		18C37DA526CCB30E00593DE8 /* symptom22TableViewController.swift */ = {isa = PBXFileReference; lastKnownFileType = sourcecode.swift; path = symptom22TableViewController.swift; sourceTree = "<group>"; };
		18C37DA726CCB31800593DE8 /* symptom23TableViewController.swift */ = {isa = PBXFileReference; lastKnownFileType = sourcecode.swift; path = symptom23TableViewController.swift; sourceTree = "<group>"; };
		18C37DA926CCB32300593DE8 /* symptom24TableViewController.swift */ = {isa = PBXFileReference; lastKnownFileType = sourcecode.swift; path = symptom24TableViewController.swift; sourceTree = "<group>"; };
		18C37DAB26CCB33100593DE8 /* symptom25TableViewController.swift */ = {isa = PBXFileReference; lastKnownFileType = sourcecode.swift; path = symptom25TableViewController.swift; sourceTree = "<group>"; };
		18C37DAD26CCB33C00593DE8 /* symptom26TableViewController.swift */ = {isa = PBXFileReference; lastKnownFileType = sourcecode.swift; path = symptom26TableViewController.swift; sourceTree = "<group>"; };
		18C37DAF26CCB34500593DE8 /* symptom27TableViewController.swift */ = {isa = PBXFileReference; lastKnownFileType = sourcecode.swift; path = symptom27TableViewController.swift; sourceTree = "<group>"; };
		18C37DB126CCB34E00593DE8 /* symptom28TableViewController.swift */ = {isa = PBXFileReference; lastKnownFileType = sourcecode.swift; path = symptom28TableViewController.swift; sourceTree = "<group>"; };
		18C37DB326CCB35800593DE8 /* symptom29TableViewController.swift */ = {isa = PBXFileReference; lastKnownFileType = sourcecode.swift; path = symptom29TableViewController.swift; sourceTree = "<group>"; };
		18C37DB526CCB36700593DE8 /* symptom30TableViewController.swift */ = {isa = PBXFileReference; lastKnownFileType = sourcecode.swift; path = symptom30TableViewController.swift; sourceTree = "<group>"; };
		18C37DB726CCB37900593DE8 /* symptom31TableViewController.swift */ = {isa = PBXFileReference; lastKnownFileType = sourcecode.swift; path = symptom31TableViewController.swift; sourceTree = "<group>"; };
		18C37DB926CCB38300593DE8 /* symptom32TableViewController.swift */ = {isa = PBXFileReference; lastKnownFileType = sourcecode.swift; path = symptom32TableViewController.swift; sourceTree = "<group>"; };
		18C37DBE26CCB3A000593DE8 /* symptom33TableViewController.swift */ = {isa = PBXFileReference; lastKnownFileType = sourcecode.swift; path = symptom33TableViewController.swift; sourceTree = "<group>"; };
		18C37DC326CCB3B600593DE8 /* symptom34TableViewController.swift */ = {isa = PBXFileReference; lastKnownFileType = sourcecode.swift; path = symptom34TableViewController.swift; sourceTree = "<group>"; };
		18C37DC826CCB3C200593DE8 /* symptom35TableViewController.swift */ = {isa = PBXFileReference; lastKnownFileType = sourcecode.swift; path = symptom35TableViewController.swift; sourceTree = "<group>"; };
		18C37DCD26CCB3D000593DE8 /* symptom36TableViewController.swift */ = {isa = PBXFileReference; lastKnownFileType = sourcecode.swift; path = symptom36TableViewController.swift; sourceTree = "<group>"; };
		18C37DD226CCB3DD00593DE8 /* symptom37TableViewController.swift */ = {isa = PBXFileReference; lastKnownFileType = sourcecode.swift; path = symptom37TableViewController.swift; sourceTree = "<group>"; };
		18C37DD426CCB3E600593DE8 /* symptom38TableViewController.swift */ = {isa = PBXFileReference; lastKnownFileType = sourcecode.swift; path = symptom38TableViewController.swift; sourceTree = "<group>"; };
		18C37DD926CCB3F600593DE8 /* symptom39TableViewController.swift */ = {isa = PBXFileReference; lastKnownFileType = sourcecode.swift; path = symptom39TableViewController.swift; sourceTree = "<group>"; };
		18C37DDE26CCB44300593DE8 /* symptom40TableViewController.swift */ = {isa = PBXFileReference; lastKnownFileType = sourcecode.swift; path = symptom40TableViewController.swift; sourceTree = "<group>"; };
		18C37DE326CCB46E00593DE8 /* symptom41TableViewController.swift */ = {isa = PBXFileReference; lastKnownFileType = sourcecode.swift; path = symptom41TableViewController.swift; sourceTree = "<group>"; };
		18C37DE826CCB4CF00593DE8 /* symptom42TableViewController.swift */ = {isa = PBXFileReference; lastKnownFileType = sourcecode.swift; path = symptom42TableViewController.swift; sourceTree = "<group>"; };
		18C37DED26CCB4ED00593DE8 /* symptom43TableViewController.swift */ = {isa = PBXFileReference; lastKnownFileType = sourcecode.swift; path = symptom43TableViewController.swift; sourceTree = "<group>"; };
		30138F223CEC4FE1DB33F5FE /* Pods-asd-asdUITests.release.xcconfig */ = {isa = PBXFileReference; includeInIndex = 1; lastKnownFileType = text.xcconfig; name = "Pods-asd-asdUITests.release.xcconfig"; path = "Target Support Files/Pods-asd-asdUITests/Pods-asd-asdUITests.release.xcconfig"; sourceTree = "<group>"; };
		596857BC3B7A263B3A5B4B53 /* Pods_asd.framework */ = {isa = PBXFileReference; explicitFileType = wrapper.framework; includeInIndex = 0; path = Pods_asd.framework; sourceTree = BUILT_PRODUCTS_DIR; };
		5CF190CFDC1F6695217B2D17 /* Pods-asd.release.xcconfig */ = {isa = PBXFileReference; includeInIndex = 1; lastKnownFileType = text.xcconfig; name = "Pods-asd.release.xcconfig"; path = "Target Support Files/Pods-asd/Pods-asd.release.xcconfig"; sourceTree = "<group>"; };
		6793505EAB46EE72458A0F69 /* Pods-asd-asdUITests.debug.xcconfig */ = {isa = PBXFileReference; includeInIndex = 1; lastKnownFileType = text.xcconfig; name = "Pods-asd-asdUITests.debug.xcconfig"; path = "Target Support Files/Pods-asd-asdUITests/Pods-asd-asdUITests.debug.xcconfig"; sourceTree = "<group>"; };
		B3E0B3CA8525B07F19DFFD01 /* Pods-asd.debug.xcconfig */ = {isa = PBXFileReference; includeInIndex = 1; lastKnownFileType = text.xcconfig; name = "Pods-asd.debug.xcconfig"; path = "Target Support Files/Pods-asd/Pods-asd.debug.xcconfig"; sourceTree = "<group>"; };
		BA11874DF1672F5C09DBF5ED /* Pods-asdTests.release.xcconfig */ = {isa = PBXFileReference; includeInIndex = 1; lastKnownFileType = text.xcconfig; name = "Pods-asdTests.release.xcconfig"; path = "Target Support Files/Pods-asdTests/Pods-asdTests.release.xcconfig"; sourceTree = "<group>"; };
		E44D395C26CA67BF00C1C779 /* AppDelegate.h */ = {isa = PBXFileReference; lastKnownFileType = sourcecode.c.h; path = AppDelegate.h; sourceTree = "<group>"; };
		E676EB6BB8CAD2519BEA0192 /* Pods_asd_asdUITests.framework */ = {isa = PBXFileReference; explicitFileType = wrapper.framework; includeInIndex = 0; path = Pods_asd_asdUITests.framework; sourceTree = BUILT_PRODUCTS_DIR; };
		F5BFFAF7ABC34A4BAC23F9FD /* Pods-asdTests.debug.xcconfig */ = {isa = PBXFileReference; includeInIndex = 1; lastKnownFileType = text.xcconfig; name = "Pods-asdTests.debug.xcconfig"; path = "Target Support Files/Pods-asdTests/Pods-asdTests.debug.xcconfig"; sourceTree = "<group>"; };
/* End PBXFileReference section */

/* Begin PBXFrameworksBuildPhase section */
		1876030726C7EAE0001D5841 /* Frameworks */ = {
			isa = PBXFrameworksBuildPhase;
			buildActionMask = 2147483647;
			files = (
				FE9E0752F9E0C901E05A699F /* Pods_asd.framework in Frameworks */,
			);
			runOnlyForDeploymentPostprocessing = 0;
		};
		1876031826C7EB0B001D5841 /* Frameworks */ = {
			isa = PBXFrameworksBuildPhase;
			buildActionMask = 2147483647;
			files = (
				86E0B0EA14E6636ED498DB7D /* Pods_asdTests.framework in Frameworks */,
			);
			runOnlyForDeploymentPostprocessing = 0;
		};
		1876032326C7EB0B001D5841 /* Frameworks */ = {
			isa = PBXFrameworksBuildPhase;
			buildActionMask = 2147483647;
			files = (
				FBA0B7D0189CF6DB321726DA /* Pods_asd_asdUITests.framework in Frameworks */,
			);
			runOnlyForDeploymentPostprocessing = 0;
		};
/* End PBXFrameworksBuildPhase section */

/* Begin PBXGroup section */
		08AFFC790A574F45BDFF4F63 /* Frameworks */ = {
			isa = PBXGroup;
			children = (
				596857BC3B7A263B3A5B4B53 /* Pods_asd.framework */,
				E676EB6BB8CAD2519BEA0192 /* Pods_asd_asdUITests.framework */,
				11476EA2F46C4AA150105474 /* Pods_asdTests.framework */,
			);
			name = Frameworks;
			sourceTree = "<group>";
		};
		1876030126C7EAE0001D5841 = {
			isa = PBXGroup;
			children = (
				1876030C26C7EAE0001D5841 /* asd */,
				1876031E26C7EB0B001D5841 /* asdTests */,
				1876032926C7EB0B001D5841 /* asdUITests */,
				1876030B26C7EAE0001D5841 /* Products */,
				CD860C00CE0CFF9BA268B47C /* Pods */,
				08AFFC790A574F45BDFF4F63 /* Frameworks */,
			);
			sourceTree = "<group>";
		};
		1876030B26C7EAE0001D5841 /* Products */ = {
			isa = PBXGroup;
			children = (
				1876030A26C7EAE0001D5841 /* asd.app */,
				1876031B26C7EB0B001D5841 /* asdTests.xctest */,
				1876032626C7EB0B001D5841 /* asdUITests.xctest */,
			);
			name = Products;
			sourceTree = "<group>";
		};
		1876030C26C7EAE0001D5841 /* asd */ = {
			isa = PBXGroup;
			children = (
				1876039926C7F790001D5841 /* AppDelegate.swift */,
				187603A626C7FA80001D5841 /* LoginViewController.swift */,
				187603AE26C7FAA4001D5841 /* ResetPasswordViewController.swift */,
				187603B326C7FAB4001D5841 /* SignupViewController.swift */,
				189C76A726C8E7DF0008380A /* LogoutViewController.swift */,
				18C0FFE726C8B0330015B530 /* GameViewController.swift */,
				182F575326C8B563007DA6FE /* ChoiceQues.swift */,
				189C76AC26C8E9D70008380A /* search */,
				189C781926CB66E70008380A /* division */,
				189C781A26CB67010008380A /* hospital */,
				189C781B26CB67100008380A /* doctor */,
				189C781C26CB67180008380A /* map */,
				189C781D26CB671C0008380A /* symptom */,
				18C37CFC26CBFDF500593DE8 /* comment */,
				187603A126C7FA3E001D5841 /* Storyboard.storyboard */,
				189C771726CA277D0008380A /* GoogleService-Info.plist */,
				1876031126C7EB08001D5841 /* Assets.xcassets */,
				1876031626C7EB09001D5841 /* Info.plist */,
				1876031326C7EB09001D5841 /* Preview Content */,
				E44D395C26CA67BF00C1C779 /* AppDelegate.h */,
			);
			path = asd;
			sourceTree = "<group>";
		};
		1876031326C7EB09001D5841 /* Preview Content */ = {
			isa = PBXGroup;
			children = (
				1876031426C7EB09001D5841 /* Preview Assets.xcassets */,
			);
			path = "Preview Content";
			sourceTree = "<group>";
		};
		1876031E26C7EB0B001D5841 /* asdTests */ = {
			isa = PBXGroup;
			children = (
				1876031F26C7EB0B001D5841 /* asdTests.swift */,
				1876032126C7EB0B001D5841 /* Info.plist */,
			);
			path = asdTests;
			sourceTree = "<group>";
		};
		1876032926C7EB0B001D5841 /* asdUITests */ = {
			isa = PBXGroup;
			children = (
				1876032A26C7EB0B001D5841 /* asdUITests.swift */,
				1876032C26C7EB0B001D5841 /* Info.plist */,
			);
			path = asdUITests;
			sourceTree = "<group>";
		};
		189C76AC26C8E9D70008380A /* search */ = {
			isa = PBXGroup;
			children = (
				189C76D226C904990008380A /* searchTableViewCell.swift */,
				189C77FA26CB4F740008380A /* searchViewController.swift */,
				189C76B426C8EA480008380A /* searchDivisionTableViewController.swift */,
				189C76B226C8EA160008380A /* searchHospitalTableViewController.swift */,
				189C76AD26C8E9F80008380A /* searchDoctorTableViewController.swift */,
				189C76C326C8EDFA0008380A /* searchMapTableViewController.swift */,
				189C76BE26C8EDB60008380A /* searchSymptomTableViewController.swift */,
			);
			path = search;
			sourceTree = "<group>";
		};
		189C781926CB66E70008380A /* division */ = {
			isa = PBXGroup;
			children = (
			);
			path = division;
			sourceTree = "<group>";
		};
		189C781A26CB67010008380A /* hospital */ = {
			isa = PBXGroup;
			children = (
			);
			path = hospital;
			sourceTree = "<group>";
		};
		189C781B26CB67100008380A /* doctor */ = {
			isa = PBXGroup;
			children = (
			);
			path = doctor;
			sourceTree = "<group>";
		};
		189C781C26CB67180008380A /* map */ = {
			isa = PBXGroup;
			children = (
			);
			path = map;
			sourceTree = "<group>";
		};
		189C781D26CB671C0008380A /* symptom */ = {
			isa = PBXGroup;
			children = (
				18C37D5D26CCACFB00593DE8 /* symotom1TableViewController.swift */,
				18C37D6226CCAEA600593DE8 /* symotom2TableViewController.swift */,
				18C37D6726CCAEC600593DE8 /* symotom3TableViewController.swift */,
				18C37D6926CCAEE800593DE8 /* symotom4TableViewController.swift */,
				18C37D6B26CCAF1100593DE8 /* symotom5TableViewController.swift */,
				18C37D6D26CCAF5200593DE8 /* symotom6TableViewController.swift */,
				18C37D6F26CCAF7A00593DE8 /* symotom7TableViewController.swift */,
				18C37D7126CCAF9F00593DE8 /* symotom8TableViewController.swift */,
				18C37D7326CCAFBD00593DE8 /* symotom9TableViewController.swift */,
				18C37D7826CCB00D00593DE8 /* symotom10TableViewController.swift */,
				18C37D7D26CCB06000593DE8 /* symotom11TableViewController.swift */,
				18C37D8726CCB1A400593DE8 /* symptom12TableViewController.swift */,
				18C37D8226CCB11E00593DE8 /* symotom13TableViewController.swift */,
				18C37D8926CCB1C200593DE8 /* symptom14TableViewController.swift */,
				18C37D8B26CCB1D500593DE8 /* symptom15TableViewController.swift */,
				18C37D8D26CCB1E600593DE8 /* symptom16TableViewController.swift */,
				18C37D8F26CCB1F100593DE8 /* symptom17TableViewController.swift */,
				18C37D9126CCB20100593DE8 /* symptom18TableViewController.swift */,
				18C37D9626CCB23A00593DE8 /* symptom19TableViewController.swift */,
				18C37D9B26CCB26500593DE8 /* symptom20TableViewController.swift */,
				18C37DA026CCB30000593DE8 /* symptom21TableViewController.swift */,
				18C37DA526CCB30E00593DE8 /* symptom22TableViewController.swift */,
				18C37DA726CCB31800593DE8 /* symptom23TableViewController.swift */,
				18C37DA926CCB32300593DE8 /* symptom24TableViewController.swift */,
				18C37DAB26CCB33100593DE8 /* symptom25TableViewController.swift */,
				18C37DAD26CCB33C00593DE8 /* symptom26TableViewController.swift */,
				18C37DAF26CCB34500593DE8 /* symptom27TableViewController.swift */,
				18C37DB126CCB34E00593DE8 /* symptom28TableViewController.swift */,
				18C37DB326CCB35800593DE8 /* symptom29TableViewController.swift */,
				18C37DB526CCB36700593DE8 /* symptom30TableViewController.swift */,
				18C37DB726CCB37900593DE8 /* symptom31TableViewController.swift */,
				18C37DB926CCB38300593DE8 /* symptom32TableViewController.swift */,
				18C37DBE26CCB3A000593DE8 /* symptom33TableViewController.swift */,
				18C37DC326CCB3B600593DE8 /* symptom34TableViewController.swift */,
				18C37DC826CCB3C200593DE8 /* symptom35TableViewController.swift */,
				18C37DCD26CCB3D000593DE8 /* symptom36TableViewController.swift */,
				18C37DD226CCB3DD00593DE8 /* symptom37TableViewController.swift */,
				18C37DD426CCB3E600593DE8 /* symptom38TableViewController.swift */,
				18C37DD926CCB3F600593DE8 /* symptom39TableViewController.swift */,
				18C37DDE26CCB44300593DE8 /* symptom40TableViewController.swift */,
				18C37DE326CCB46E00593DE8 /* symptom41TableViewController.swift */,
				18C37DE826CCB4CF00593DE8 /* symptom42TableViewController.swift */,
				18C37DED26CCB4ED00593DE8 /* symptom43TableViewController.swift */,
			);
			path = symptom;
			sourceTree = "<group>";
		};
		18C37CFC26CBFDF500593DE8 /* comment */ = {
			isa = PBXGroup;
			children = (
				18C37D0026CBFE4600593DE8 /* commentViewController.swift */,
			);
			path = comment;
			sourceTree = "<group>";
		};
		CD860C00CE0CFF9BA268B47C /* Pods */ = {
			isa = PBXGroup;
			children = (
				B3E0B3CA8525B07F19DFFD01 /* Pods-asd.debug.xcconfig */,
				5CF190CFDC1F6695217B2D17 /* Pods-asd.release.xcconfig */,
				6793505EAB46EE72458A0F69 /* Pods-asd-asdUITests.debug.xcconfig */,
				30138F223CEC4FE1DB33F5FE /* Pods-asd-asdUITests.release.xcconfig */,
				F5BFFAF7ABC34A4BAC23F9FD /* Pods-asdTests.debug.xcconfig */,
				BA11874DF1672F5C09DBF5ED /* Pods-asdTests.release.xcconfig */,
			);
			path = Pods;
			sourceTree = "<group>";
		};
/* End PBXGroup section */

/* Begin PBXNativeTarget section */
		1876030926C7EAE0001D5841 /* asd */ = {
			isa = PBXNativeTarget;
			buildConfigurationList = 1876032F26C7EB0B001D5841 /* Build configuration list for PBXNativeTarget "asd" */;
			buildPhases = (
				CDF657E8165203DF975A1DA5 /* [CP] Check Pods Manifest.lock */,
				1876030626C7EAE0001D5841 /* Sources */,
				1876030726C7EAE0001D5841 /* Frameworks */,
				1876030826C7EAE0001D5841 /* Resources */,
				7ABADE6DFB9AF92DF62EB7F3 /* [CP] Embed Pods Frameworks */,
			);
			buildRules = (
			);
			dependencies = (
			);
			name = asd;
			productName = asd;
			productReference = 1876030A26C7EAE0001D5841 /* asd.app */;
			productType = "com.apple.product-type.application";
		};
		1876031A26C7EB0B001D5841 /* asdTests */ = {
			isa = PBXNativeTarget;
			buildConfigurationList = 1876033226C7EB0B001D5841 /* Build configuration list for PBXNativeTarget "asdTests" */;
			buildPhases = (
				A64E0632E9D9820006A9E7C5 /* [CP] Check Pods Manifest.lock */,
				1876031726C7EB0B001D5841 /* Sources */,
				1876031826C7EB0B001D5841 /* Frameworks */,
				1876031926C7EB0B001D5841 /* Resources */,
				0A46C149419C8F16B40493D2 /* [CP] Embed Pods Frameworks */,
			);
			buildRules = (
			);
			dependencies = (
				1876031D26C7EB0B001D5841 /* PBXTargetDependency */,
			);
			name = asdTests;
			productName = asdTests;
			productReference = 1876031B26C7EB0B001D5841 /* asdTests.xctest */;
			productType = "com.apple.product-type.bundle.unit-test";
		};
		1876032526C7EB0B001D5841 /* asdUITests */ = {
			isa = PBXNativeTarget;
			buildConfigurationList = 1876033526C7EB0B001D5841 /* Build configuration list for PBXNativeTarget "asdUITests" */;
			buildPhases = (
				A9E737325E02D30377DB0A02 /* [CP] Check Pods Manifest.lock */,
				1876032226C7EB0B001D5841 /* Sources */,
				1876032326C7EB0B001D5841 /* Frameworks */,
				1876032426C7EB0B001D5841 /* Resources */,
				9A46F67DEC7D884034AF5DC3 /* [CP] Embed Pods Frameworks */,
			);
			buildRules = (
			);
			dependencies = (
				1876032826C7EB0B001D5841 /* PBXTargetDependency */,
			);
			name = asdUITests;
			productName = asdUITests;
			productReference = 1876032626C7EB0B001D5841 /* asdUITests.xctest */;
			productType = "com.apple.product-type.bundle.ui-testing";
		};
/* End PBXNativeTarget section */

/* Begin PBXProject section */
		1876030226C7EAE0001D5841 /* Project object */ = {
			isa = PBXProject;
			attributes = {
				LastSwiftUpdateCheck = 1240;
				LastUpgradeCheck = 1240;
				TargetAttributes = {
					1876030926C7EAE0001D5841 = {
						CreatedOnToolsVersion = 12.4;
					};
					1876031A26C7EB0B001D5841 = {
						CreatedOnToolsVersion = 12.4;
						TestTargetID = 1876030926C7EAE0001D5841;
					};
					1876032526C7EB0B001D5841 = {
						CreatedOnToolsVersion = 12.4;
						TestTargetID = 1876030926C7EAE0001D5841;
					};
				};
			};
			buildConfigurationList = 1876030526C7EAE0001D5841 /* Build configuration list for PBXProject "asd" */;
			compatibilityVersion = "Xcode 9.3";
			developmentRegion = en;
			hasScannedForEncodings = 0;
			knownRegions = (
				en,
				Base,
			);
			mainGroup = 1876030126C7EAE0001D5841;
			productRefGroup = 1876030B26C7EAE0001D5841 /* Products */;
			projectDirPath = "";
			projectRoot = "";
			targets = (
				1876030926C7EAE0001D5841 /* asd */,
				1876031A26C7EB0B001D5841 /* asdTests */,
				1876032526C7EB0B001D5841 /* asdUITests */,
			);
		};
/* End PBXProject section */

/* Begin PBXResourcesBuildPhase section */
		1876030826C7EAE0001D5841 /* Resources */ = {
			isa = PBXResourcesBuildPhase;
			buildActionMask = 2147483647;
			files = (
				1876031526C7EB09001D5841 /* Preview Assets.xcassets in Resources */,
				189C771826CA277D0008380A /* GoogleService-Info.plist in Resources */,
				187603A226C7FA3E001D5841 /* Storyboard.storyboard in Resources */,
				1876031226C7EB08001D5841 /* Assets.xcassets in Resources */,
			);
			runOnlyForDeploymentPostprocessing = 0;
		};
		1876031926C7EB0B001D5841 /* Resources */ = {
			isa = PBXResourcesBuildPhase;
			buildActionMask = 2147483647;
			files = (
			);
			runOnlyForDeploymentPostprocessing = 0;
		};
		1876032426C7EB0B001D5841 /* Resources */ = {
			isa = PBXResourcesBuildPhase;
			buildActionMask = 2147483647;
			files = (
			);
			runOnlyForDeploymentPostprocessing = 0;
		};
/* End PBXResourcesBuildPhase section */

/* Begin PBXShellScriptBuildPhase section */
		0A46C149419C8F16B40493D2 /* [CP] Embed Pods Frameworks */ = {
			isa = PBXShellScriptBuildPhase;
			buildActionMask = 2147483647;
			files = (
			);
			inputFileListPaths = (
				"${PODS_ROOT}/Target Support Files/Pods-asdTests/Pods-asdTests-frameworks-${CONFIGURATION}-input-files.xcfilelist",
			);
			name = "[CP] Embed Pods Frameworks";
			outputFileListPaths = (
				"${PODS_ROOT}/Target Support Files/Pods-asdTests/Pods-asdTests-frameworks-${CONFIGURATION}-output-files.xcfilelist",
			);
			runOnlyForDeploymentPostprocessing = 0;
			shellPath = /bin/sh;
			shellScript = "\"${PODS_ROOT}/Target Support Files/Pods-asdTests/Pods-asdTests-frameworks.sh\"\n";
			showEnvVarsInLog = 0;
		};
		7ABADE6DFB9AF92DF62EB7F3 /* [CP] Embed Pods Frameworks */ = {
			isa = PBXShellScriptBuildPhase;
			buildActionMask = 2147483647;
			files = (
			);
			inputFileListPaths = (
				"${PODS_ROOT}/Target Support Files/Pods-asd/Pods-asd-frameworks-${CONFIGURATION}-input-files.xcfilelist",
			);
			name = "[CP] Embed Pods Frameworks";
			outputFileListPaths = (
				"${PODS_ROOT}/Target Support Files/Pods-asd/Pods-asd-frameworks-${CONFIGURATION}-output-files.xcfilelist",
			);
			runOnlyForDeploymentPostprocessing = 0;
			shellPath = /bin/sh;
			shellScript = "\"${PODS_ROOT}/Target Support Files/Pods-asd/Pods-asd-frameworks.sh\"\n";
			showEnvVarsInLog = 0;
		};
		9A46F67DEC7D884034AF5DC3 /* [CP] Embed Pods Frameworks */ = {
			isa = PBXShellScriptBuildPhase;
			buildActionMask = 2147483647;
			files = (
			);
			inputFileListPaths = (
				"${PODS_ROOT}/Target Support Files/Pods-asd-asdUITests/Pods-asd-asdUITests-frameworks-${CONFIGURATION}-input-files.xcfilelist",
			);
			name = "[CP] Embed Pods Frameworks";
			outputFileListPaths = (
				"${PODS_ROOT}/Target Support Files/Pods-asd-asdUITests/Pods-asd-asdUITests-frameworks-${CONFIGURATION}-output-files.xcfilelist",
			);
			runOnlyForDeploymentPostprocessing = 0;
			shellPath = /bin/sh;
			shellScript = "\"${PODS_ROOT}/Target Support Files/Pods-asd-asdUITests/Pods-asd-asdUITests-frameworks.sh\"\n";
			showEnvVarsInLog = 0;
		};
		A64E0632E9D9820006A9E7C5 /* [CP] Check Pods Manifest.lock */ = {
			isa = PBXShellScriptBuildPhase;
			buildActionMask = 2147483647;
			files = (
			);
			inputFileListPaths = (
			);
			inputPaths = (
				"${PODS_PODFILE_DIR_PATH}/Podfile.lock",
				"${PODS_ROOT}/Manifest.lock",
			);
			name = "[CP] Check Pods Manifest.lock";
			outputFileListPaths = (
			);
			outputPaths = (
				"$(DERIVED_FILE_DIR)/Pods-asdTests-checkManifestLockResult.txt",
			);
			runOnlyForDeploymentPostprocessing = 0;
			shellPath = /bin/sh;
			shellScript = "diff \"${PODS_PODFILE_DIR_PATH}/Podfile.lock\" \"${PODS_ROOT}/Manifest.lock\" > /dev/null\nif [ $? != 0 ] ; then\n    # print error to STDERR\n    echo \"error: The sandbox is not in sync with the Podfile.lock. Run 'pod install' or update your CocoaPods installation.\" >&2\n    exit 1\nfi\n# This output is used by Xcode 'outputs' to avoid re-running this script phase.\necho \"SUCCESS\" > \"${SCRIPT_OUTPUT_FILE_0}\"\n";
			showEnvVarsInLog = 0;
		};
		A9E737325E02D30377DB0A02 /* [CP] Check Pods Manifest.lock */ = {
			isa = PBXShellScriptBuildPhase;
			buildActionMask = 2147483647;
			files = (
			);
			inputFileListPaths = (
			);
			inputPaths = (
				"${PODS_PODFILE_DIR_PATH}/Podfile.lock",
				"${PODS_ROOT}/Manifest.lock",
			);
			name = "[CP] Check Pods Manifest.lock";
			outputFileListPaths = (
			);
			outputPaths = (
				"$(DERIVED_FILE_DIR)/Pods-asd-asdUITests-checkManifestLockResult.txt",
			);
			runOnlyForDeploymentPostprocessing = 0;
			shellPath = /bin/sh;
			shellScript = "diff \"${PODS_PODFILE_DIR_PATH}/Podfile.lock\" \"${PODS_ROOT}/Manifest.lock\" > /dev/null\nif [ $? != 0 ] ; then\n    # print error to STDERR\n    echo \"error: The sandbox is not in sync with the Podfile.lock. Run 'pod install' or update your CocoaPods installation.\" >&2\n    exit 1\nfi\n# This output is used by Xcode 'outputs' to avoid re-running this script phase.\necho \"SUCCESS\" > \"${SCRIPT_OUTPUT_FILE_0}\"\n";
			showEnvVarsInLog = 0;
		};
		CDF657E8165203DF975A1DA5 /* [CP] Check Pods Manifest.lock */ = {
			isa = PBXShellScriptBuildPhase;
			buildActionMask = 2147483647;
			files = (
			);
			inputFileListPaths = (
			);
			inputPaths = (
				"${PODS_PODFILE_DIR_PATH}/Podfile.lock",
				"${PODS_ROOT}/Manifest.lock",
			);
			name = "[CP] Check Pods Manifest.lock";
			outputFileListPaths = (
			);
			outputPaths = (
				"$(DERIVED_FILE_DIR)/Pods-asd-checkManifestLockResult.txt",
			);
			runOnlyForDeploymentPostprocessing = 0;
			shellPath = /bin/sh;
			shellScript = "diff \"${PODS_PODFILE_DIR_PATH}/Podfile.lock\" \"${PODS_ROOT}/Manifest.lock\" > /dev/null\nif [ $? != 0 ] ; then\n    # print error to STDERR\n    echo \"error: The sandbox is not in sync with the Podfile.lock. Run 'pod install' or update your CocoaPods installation.\" >&2\n    exit 1\nfi\n# This output is used by Xcode 'outputs' to avoid re-running this script phase.\necho \"SUCCESS\" > \"${SCRIPT_OUTPUT_FILE_0}\"\n";
			showEnvVarsInLog = 0;
		};
/* End PBXShellScriptBuildPhase section */

/* Begin PBXSourcesBuildPhase section */
		1876030626C7EAE0001D5841 /* Sources */ = {
			isa = PBXSourcesBuildPhase;
			buildActionMask = 2147483647;
			files = (
				18C37D6C26CCAF1100593DE8 /* symotom5TableViewController.swift in Sources */,
				189C77FB26CB4F740008380A /* searchViewController.swift in Sources */,
				18C37D6326CCAEA600593DE8 /* symotom2TableViewController.swift in Sources */,
				18C37D6E26CCAF5200593DE8 /* symotom6TableViewController.swift in Sources */,
				18C37DB026CCB34500593DE8 /* symptom27TableViewController.swift in Sources */,
				18C37D8E26CCB1E600593DE8 /* symptom16TableViewController.swift in Sources */,
				18C37DC426CCB3B600593DE8 /* symptom34TableViewController.swift in Sources */,
				18C37D7426CCAFBD00593DE8 /* symotom9TableViewController.swift in Sources */,
				18C37D0126CBFE4600593DE8 /* commentViewController.swift in Sources */,
				18C37DAE26CCB33C00593DE8 /* symptom26TableViewController.swift in Sources */,
				18C37D7E26CCB06000593DE8 /* symotom11TableViewController.swift in Sources */,
				18C37DD326CCB3DD00593DE8 /* symptom37TableViewController.swift in Sources */,
				18C37DA126CCB30000593DE8 /* symptom21TableViewController.swift in Sources */,
				189C76C426C8EDFA0008380A /* searchMapTableViewController.swift in Sources */,
				189C76AE26C8E9F80008380A /* searchDoctorTableViewController.swift in Sources */,
				18C37D7226CCAF9F00593DE8 /* symotom8TableViewController.swift in Sources */,
				18C37DB626CCB36700593DE8 /* symptom30TableViewController.swift in Sources */,
				18C37DAC26CCB33100593DE8 /* symptom25TableViewController.swift in Sources */,
				18C37D5E26CCACFB00593DE8 /* symotom1TableViewController.swift in Sources */,
				18C37DD526CCB3E600593DE8 /* symptom38TableViewController.swift in Sources */,
				18C37DB426CCB35800593DE8 /* symptom29TableViewController.swift in Sources */,
				18C37D7026CCAF7A00593DE8 /* symotom7TableViewController.swift in Sources */,
				18C37D9C26CCB26600593DE8 /* symptom20TableViewController.swift in Sources */,
				18C37DA626CCB30E00593DE8 /* symptom22TableViewController.swift in Sources */,
				182F575426C8B563007DA6FE /* ChoiceQues.swift in Sources */,
				18C37DC926CCB3C200593DE8 /* symptom35TableViewController.swift in Sources */,
				189C76D326C904990008380A /* searchTableViewCell.swift in Sources */,
				18C37DB226CCB34E00593DE8 /* symptom28TableViewController.swift in Sources */,
				18C0FFE826C8B0330015B530 /* GameViewController.swift in Sources */,
				18C37DDF26CCB44300593DE8 /* symptom40TableViewController.swift in Sources */,
				189C76B326C8EA160008380A /* searchHospitalTableViewController.swift in Sources */,
				18C37DA826CCB31800593DE8 /* symptom23TableViewController.swift in Sources */,
				18C37D9726CCB23A00593DE8 /* symptom19TableViewController.swift in Sources */,
				18C37D8A26CCB1C200593DE8 /* symptom14TableViewController.swift in Sources */,
				18C37DEE26CCB4ED00593DE8 /* symptom43TableViewController.swift in Sources */,
				18C37D8C26CCB1D500593DE8 /* symptom15TableViewController.swift in Sources */,
				18C37D8826CCB1A400593DE8 /* symptom12TableViewController.swift in Sources */,
				18C37DBF26CCB3A000593DE8 /* symptom33TableViewController.swift in Sources */,
				18C37DB826CCB37900593DE8 /* symptom31TableViewController.swift in Sources */,
				18C37D7926CCB00D00593DE8 /* symotom10TableViewController.swift in Sources */,
				187603AF26C7FAA4001D5841 /* ResetPasswordViewController.swift in Sources */,
				187603A726C7FA80001D5841 /* LoginViewController.swift in Sources */,
				18C37D6A26CCAEE800593DE8 /* symotom4TableViewController.swift in Sources */,
				189C76BF26C8EDB60008380A /* searchSymptomTableViewController.swift in Sources */,
				18C37D9026CCB1F100593DE8 /* symptom17TableViewController.swift in Sources */,
				189C76B526C8EA480008380A /* searchDivisionTableViewController.swift in Sources */,
				18C37D6826CCAEC600593DE8 /* symotom3TableViewController.swift in Sources */,
				18C37DDA26CCB3F600593DE8 /* symptom39TableViewController.swift in Sources */,
				18C37D9226CCB20100593DE8 /* symptom18TableViewController.swift in Sources */,
				18C37DBA26CCB38300593DE8 /* symptom32TableViewController.swift in Sources */,
				18C37DE926CCB4CF00593DE8 /* symptom42TableViewController.swift in Sources */,
				18C37DCE26CCB3D000593DE8 /* symptom36TableViewController.swift in Sources */,
				18C37DE426CCB46E00593DE8 /* symptom41TableViewController.swift in Sources */,
				189C76A826C8E7DF0008380A /* LogoutViewController.swift in Sources */,
				18C37DAA26CCB32300593DE8 /* symptom24TableViewController.swift in Sources */,
				18C37D8326CCB11E00593DE8 /* symotom13TableViewController.swift in Sources */,
				187603B426C7FAB5001D5841 /* SignupViewController.swift in Sources */,
				1876039A26C7F790001D5841 /* AppDelegate.swift in Sources */,
			);
			runOnlyForDeploymentPostprocessing = 0;
		};
		1876031726C7EB0B001D5841 /* Sources */ = {
			isa = PBXSourcesBuildPhase;
			buildActionMask = 2147483647;
			files = (
				1876032026C7EB0B001D5841 /* asdTests.swift in Sources */,
			);
			runOnlyForDeploymentPostprocessing = 0;
		};
		1876032226C7EB0B001D5841 /* Sources */ = {
			isa = PBXSourcesBuildPhase;
			buildActionMask = 2147483647;
			files = (
				1876032B26C7EB0B001D5841 /* asdUITests.swift in Sources */,
			);
			runOnlyForDeploymentPostprocessing = 0;
		};
/* End PBXSourcesBuildPhase section */

/* Begin PBXTargetDependency section */
		1876031D26C7EB0B001D5841 /* PBXTargetDependency */ = {
			isa = PBXTargetDependency;
			target = 1876030926C7EAE0001D5841 /* asd */;
			targetProxy = 1876031C26C7EB0B001D5841 /* PBXContainerItemProxy */;
		};
		1876032826C7EB0B001D5841 /* PBXTargetDependency */ = {
			isa = PBXTargetDependency;
			target = 1876030926C7EAE0001D5841 /* asd */;
			targetProxy = 1876032726C7EB0B001D5841 /* PBXContainerItemProxy */;
		};
/* End PBXTargetDependency section */

/* Begin XCBuildConfiguration section */
		1876032D26C7EB0B001D5841 /* Debug */ = {
			isa = XCBuildConfiguration;
			buildSettings = {
				ALWAYS_SEARCH_USER_PATHS = NO;
				CLANG_ANALYZER_NONNULL = YES;
				CLANG_ANALYZER_NUMBER_OBJECT_CONVERSION = YES_AGGRESSIVE;
				CLANG_CXX_LANGUAGE_STANDARD = "gnu++14";
				CLANG_CXX_LIBRARY = "libc++";
				CLANG_ENABLE_MODULES = YES;
				CLANG_ENABLE_OBJC_ARC = YES;
				CLANG_ENABLE_OBJC_WEAK = YES;
				CLANG_WARN_BLOCK_CAPTURE_AUTORELEASING = YES;
				CLANG_WARN_BOOL_CONVERSION = YES;
				CLANG_WARN_COMMA = YES;
				CLANG_WARN_CONSTANT_CONVERSION = YES;
				CLANG_WARN_DEPRECATED_OBJC_IMPLEMENTATIONS = YES;
				CLANG_WARN_DIRECT_OBJC_ISA_USAGE = YES_ERROR;
				CLANG_WARN_DOCUMENTATION_COMMENTS = YES;
				CLANG_WARN_EMPTY_BODY = YES;
				CLANG_WARN_ENUM_CONVERSION = YES;
				CLANG_WARN_INFINITE_RECURSION = YES;
				CLANG_WARN_INT_CONVERSION = YES;
				CLANG_WARN_NON_LITERAL_NULL_CONVERSION = YES;
				CLANG_WARN_OBJC_IMPLICIT_RETAIN_SELF = YES;
				CLANG_WARN_OBJC_LITERAL_CONVERSION = YES;
				CLANG_WARN_OBJC_ROOT_CLASS = YES_ERROR;
				CLANG_WARN_QUOTED_INCLUDE_IN_FRAMEWORK_HEADER = YES;
				CLANG_WARN_RANGE_LOOP_ANALYSIS = YES;
				CLANG_WARN_STRICT_PROTOTYPES = YES;
				CLANG_WARN_SUSPICIOUS_MOVE = YES;
				CLANG_WARN_UNGUARDED_AVAILABILITY = YES_AGGRESSIVE;
				CLANG_WARN_UNREACHABLE_CODE = YES;
				CLANG_WARN__DUPLICATE_METHOD_MATCH = YES;
				COPY_PHASE_STRIP = NO;
				DEBUG_INFORMATION_FORMAT = dwarf;
				ENABLE_STRICT_OBJC_MSGSEND = YES;
				ENABLE_TESTABILITY = YES;
				GCC_C_LANGUAGE_STANDARD = gnu11;
				GCC_DYNAMIC_NO_PIC = NO;
				GCC_NO_COMMON_BLOCKS = YES;
				GCC_OPTIMIZATION_LEVEL = 0;
				GCC_PREPROCESSOR_DEFINITIONS = (
					"DEBUG=1",
					"$(inherited)",
				);
				GCC_WARN_64_TO_32_BIT_CONVERSION = YES;
				GCC_WARN_ABOUT_RETURN_TYPE = YES_ERROR;
				GCC_WARN_UNDECLARED_SELECTOR = YES;
				GCC_WARN_UNINITIALIZED_AUTOS = YES_AGGRESSIVE;
				GCC_WARN_UNUSED_FUNCTION = YES;
				GCC_WARN_UNUSED_VARIABLE = YES;
				IPHONEOS_DEPLOYMENT_TARGET = 14.4;
				MTL_ENABLE_DEBUG_INFO = INCLUDE_SOURCE;
				MTL_FAST_MATH = YES;
				ONLY_ACTIVE_ARCH = YES;
				SDKROOT = iphoneos;
				SWIFT_ACTIVE_COMPILATION_CONDITIONS = DEBUG;
				SWIFT_OPTIMIZATION_LEVEL = "-Onone";
			};
			name = Debug;
		};
		1876032E26C7EB0B001D5841 /* Release */ = {
			isa = XCBuildConfiguration;
			buildSettings = {
				ALWAYS_SEARCH_USER_PATHS = NO;
				CLANG_ANALYZER_NONNULL = YES;
				CLANG_ANALYZER_NUMBER_OBJECT_CONVERSION = YES_AGGRESSIVE;
				CLANG_CXX_LANGUAGE_STANDARD = "gnu++14";
				CLANG_CXX_LIBRARY = "libc++";
				CLANG_ENABLE_MODULES = YES;
				CLANG_ENABLE_OBJC_ARC = YES;
				CLANG_ENABLE_OBJC_WEAK = YES;
				CLANG_WARN_BLOCK_CAPTURE_AUTORELEASING = YES;
				CLANG_WARN_BOOL_CONVERSION = YES;
				CLANG_WARN_COMMA = YES;
				CLANG_WARN_CONSTANT_CONVERSION = YES;
				CLANG_WARN_DEPRECATED_OBJC_IMPLEMENTATIONS = YES;
				CLANG_WARN_DIRECT_OBJC_ISA_USAGE = YES_ERROR;
				CLANG_WARN_DOCUMENTATION_COMMENTS = YES;
				CLANG_WARN_EMPTY_BODY = YES;
				CLANG_WARN_ENUM_CONVERSION = YES;
				CLANG_WARN_INFINITE_RECURSION = YES;
				CLANG_WARN_INT_CONVERSION = YES;
				CLANG_WARN_NON_LITERAL_NULL_CONVERSION = YES;
				CLANG_WARN_OBJC_IMPLICIT_RETAIN_SELF = YES;
				CLANG_WARN_OBJC_LITERAL_CONVERSION = YES;
				CLANG_WARN_OBJC_ROOT_CLASS = YES_ERROR;
				CLANG_WARN_QUOTED_INCLUDE_IN_FRAMEWORK_HEADER = YES;
				CLANG_WARN_RANGE_LOOP_ANALYSIS = YES;
				CLANG_WARN_STRICT_PROTOTYPES = YES;
				CLANG_WARN_SUSPICIOUS_MOVE = YES;
				CLANG_WARN_UNGUARDED_AVAILABILITY = YES_AGGRESSIVE;
				CLANG_WARN_UNREACHABLE_CODE = YES;
				CLANG_WARN__DUPLICATE_METHOD_MATCH = YES;
				COPY_PHASE_STRIP = NO;
				DEBUG_INFORMATION_FORMAT = "dwarf-with-dsym";
				ENABLE_NS_ASSERTIONS = NO;
				ENABLE_STRICT_OBJC_MSGSEND = YES;
				GCC_C_LANGUAGE_STANDARD = gnu11;
				GCC_NO_COMMON_BLOCKS = YES;
				GCC_WARN_64_TO_32_BIT_CONVERSION = YES;
				GCC_WARN_ABOUT_RETURN_TYPE = YES_ERROR;
				GCC_WARN_UNDECLARED_SELECTOR = YES;
				GCC_WARN_UNINITIALIZED_AUTOS = YES_AGGRESSIVE;
				GCC_WARN_UNUSED_FUNCTION = YES;
				GCC_WARN_UNUSED_VARIABLE = YES;
				IPHONEOS_DEPLOYMENT_TARGET = 14.4;
				MTL_ENABLE_DEBUG_INFO = NO;
				MTL_FAST_MATH = YES;
				SDKROOT = iphoneos;
				SWIFT_COMPILATION_MODE = wholemodule;
				SWIFT_OPTIMIZATION_LEVEL = "-O";
				VALIDATE_PRODUCT = YES;
			};
			name = Release;
		};
		1876033026C7EB0B001D5841 /* Debug */ = {
			isa = XCBuildConfiguration;
			baseConfigurationReference = B3E0B3CA8525B07F19DFFD01 /* Pods-asd.debug.xcconfig */;
			buildSettings = {
				ASSETCATALOG_COMPILER_APPICON_NAME = AppIcon;
				ASSETCATALOG_COMPILER_GLOBAL_ACCENT_COLOR_NAME = AccentColor;
				CODE_SIGN_STYLE = Automatic;
				DEVELOPMENT_ASSET_PATHS = "\"asd/Preview Content\"";
				DEVELOPMENT_TEAM = GXVR9G3SBQ;
				ENABLE_PREVIEWS = YES;
				INFOPLIST_FILE = asd/Info.plist;
				IPHONEOS_DEPLOYMENT_TARGET = 14.4;
				LD_RUNPATH_SEARCH_PATHS = (
					"$(inherited)",
					"@executable_path/Frameworks",
				);
				MACH_O_TYPE = mh_execute;
				PRODUCT_BUNDLE_IDENTIFIER = onlineFlims.asd;
				PRODUCT_NAME = "$(TARGET_NAME)";
				SWIFT_VERSION = 5.0;
				TARGETED_DEVICE_FAMILY = "1,2";
			};
			name = Debug;
		};
		1876033126C7EB0B001D5841 /* Release */ = {
			isa = XCBuildConfiguration;
			baseConfigurationReference = 5CF190CFDC1F6695217B2D17 /* Pods-asd.release.xcconfig */;
			buildSettings = {
				ASSETCATALOG_COMPILER_APPICON_NAME = AppIcon;
				ASSETCATALOG_COMPILER_GLOBAL_ACCENT_COLOR_NAME = AccentColor;
				CODE_SIGN_STYLE = Automatic;
				DEVELOPMENT_ASSET_PATHS = "\"asd/Preview Content\"";
				DEVELOPMENT_TEAM = GXVR9G3SBQ;
				ENABLE_PREVIEWS = YES;
				INFOPLIST_FILE = asd/Info.plist;
				IPHONEOS_DEPLOYMENT_TARGET = 14.4;
				LD_RUNPATH_SEARCH_PATHS = (
					"$(inherited)",
					"@executable_path/Frameworks",
				);
				MACH_O_TYPE = mh_execute;
				PRODUCT_BUNDLE_IDENTIFIER = onlineFlims.asd;
				PRODUCT_NAME = "$(TARGET_NAME)";
				SWIFT_VERSION = 5.0;
				TARGETED_DEVICE_FAMILY = "1,2";
			};
			name = Release;
		};
		1876033326C7EB0B001D5841 /* Debug */ = {
			isa = XCBuildConfiguration;
			baseConfigurationReference = F5BFFAF7ABC34A4BAC23F9FD /* Pods-asdTests.debug.xcconfig */;
			buildSettings = {
				ALWAYS_EMBED_SWIFT_STANDARD_LIBRARIES = YES;
				BUNDLE_LOADER = "$(TEST_HOST)";
				CODE_SIGN_STYLE = Automatic;
				INFOPLIST_FILE = asdTests/Info.plist;
				IPHONEOS_DEPLOYMENT_TARGET = 14.0;
				LD_RUNPATH_SEARCH_PATHS = (
					"$(inherited)",
					"@executable_path/Frameworks",
					"@loader_path/Frameworks",
				);
				PRODUCT_BUNDLE_IDENTIFIER = onlineFlims.asdTests;
				PRODUCT_NAME = "$(TARGET_NAME)";
				SWIFT_VERSION = 5.0;
				TARGETED_DEVICE_FAMILY = "1,2";
				TEST_HOST = "$(BUILT_PRODUCTS_DIR)/asd.app/asd";
			};
			name = Debug;
		};
		1876033426C7EB0B001D5841 /* Release */ = {
			isa = XCBuildConfiguration;
			baseConfigurationReference = BA11874DF1672F5C09DBF5ED /* Pods-asdTests.release.xcconfig */;
			buildSettings = {
				ALWAYS_EMBED_SWIFT_STANDARD_LIBRARIES = YES;
				BUNDLE_LOADER = "$(TEST_HOST)";
				CODE_SIGN_STYLE = Automatic;
				INFOPLIST_FILE = asdTests/Info.plist;
				IPHONEOS_DEPLOYMENT_TARGET = 14.0;
				LD_RUNPATH_SEARCH_PATHS = (
					"$(inherited)",
					"@executable_path/Frameworks",
					"@loader_path/Frameworks",
				);
				PRODUCT_BUNDLE_IDENTIFIER = onlineFlims.asdTests;
				PRODUCT_NAME = "$(TARGET_NAME)";
				SWIFT_VERSION = 5.0;
				TARGETED_DEVICE_FAMILY = "1,2";
				TEST_HOST = "$(BUILT_PRODUCTS_DIR)/asd.app/asd";
			};
			name = Release;
		};
		1876033626C7EB0B001D5841 /* Debug */ = {
			isa = XCBuildConfiguration;
			baseConfigurationReference = 6793505EAB46EE72458A0F69 /* Pods-asd-asdUITests.debug.xcconfig */;
			buildSettings = {
				ALWAYS_EMBED_SWIFT_STANDARD_LIBRARIES = YES;
				CODE_SIGN_STYLE = Automatic;
				INFOPLIST_FILE = asdUITests/Info.plist;
				LD_RUNPATH_SEARCH_PATHS = (
					"$(inherited)",
					"@executable_path/Frameworks",
					"@loader_path/Frameworks",
				);
				PRODUCT_BUNDLE_IDENTIFIER = onlineFlims.asdUITests;
				PRODUCT_NAME = "$(TARGET_NAME)";
				SWIFT_VERSION = 5.0;
				TARGETED_DEVICE_FAMILY = "1,2";
				TEST_TARGET_NAME = asd;
			};
			name = Debug;
		};
		1876033726C7EB0B001D5841 /* Release */ = {
			isa = XCBuildConfiguration;
			baseConfigurationReference = 30138F223CEC4FE1DB33F5FE /* Pods-asd-asdUITests.release.xcconfig */;
			buildSettings = {
				ALWAYS_EMBED_SWIFT_STANDARD_LIBRARIES = YES;
				CODE_SIGN_STYLE = Automatic;
				INFOPLIST_FILE = asdUITests/Info.plist;
				LD_RUNPATH_SEARCH_PATHS = (
					"$(inherited)",
					"@executable_path/Frameworks",
					"@loader_path/Frameworks",
				);
				PRODUCT_BUNDLE_IDENTIFIER = onlineFlims.asdUITests;
				PRODUCT_NAME = "$(TARGET_NAME)";
				SWIFT_VERSION = 5.0;
				TARGETED_DEVICE_FAMILY = "1,2";
				TEST_TARGET_NAME = asd;
			};
			name = Release;
		};
/* End XCBuildConfiguration section */

/* Begin XCConfigurationList section */
		1876030526C7EAE0001D5841 /* Build configuration list for PBXProject "asd" */ = {
			isa = XCConfigurationList;
			buildConfigurations = (
				1876032D26C7EB0B001D5841 /* Debug */,
				1876032E26C7EB0B001D5841 /* Release */,
			);
			defaultConfigurationIsVisible = 0;
			defaultConfigurationName = Release;
		};
		1876032F26C7EB0B001D5841 /* Build configuration list for PBXNativeTarget "asd" */ = {
			isa = XCConfigurationList;
			buildConfigurations = (
				1876033026C7EB0B001D5841 /* Debug */,
				1876033126C7EB0B001D5841 /* Release */,
			);
			defaultConfigurationIsVisible = 0;
			defaultConfigurationName = Release;
		};
		1876033226C7EB0B001D5841 /* Build configuration list for PBXNativeTarget "asdTests" */ = {
			isa = XCConfigurationList;
			buildConfigurations = (
				1876033326C7EB0B001D5841 /* Debug */,
				1876033426C7EB0B001D5841 /* Release */,
			);
			defaultConfigurationIsVisible = 0;
			defaultConfigurationName = Release;
		};
		1876033526C7EB0B001D5841 /* Build configuration list for PBXNativeTarget "asdUITests" */ = {
			isa = XCConfigurationList;
			buildConfigurations = (
				1876033626C7EB0B001D5841 /* Debug */,
				1876033726C7EB0B001D5841 /* Release */,
			);
			defaultConfigurationIsVisible = 0;
			defaultConfigurationName = Release;
		};
/* End XCConfigurationList section */
	};
	rootObject = 1876030226C7EAE0001D5841 /* Project object */;
}
